
Microsoft Visual Studio Solution File, Format Version 12.00
# Visual Studio 15
Project("{F184B08F-C81C-45F6-A57F-5ABD9991F28F}") = "function1", "function1\function1.vbproj", "{DDE923A5-DC8A-4D3F-B82D-2A00BD343E6B}"
EndProject
Global
	GlobalSection(SolutionConfigurationPlatforms) = preSolution
		Debug|anycpu = Debug|anycpu
		Release|anycpu = Release|anycpu
	EndGlobalSection
	GlobalSection(ProjectConfigurationPlatforms) = postSolution
		{DDE923A5-DC8A-4D3F-B82D-2A00BD343E6B}.Debug|anycpu.ActiveCfg = Debug|anycpu
		{DDE923A5-DC8A-4D3F-B82D-2A00BD343E6B}.Debug|anycpu.Build.0 = Debug|anycpu
		{DDE923A5-DC8A-4D3F-B82D-2A00BD343E6B}.Release|anycpu.ActiveCfg = Release|anycpu
		{DDE923A5-DC8A-4D3F-B82D-2A00BD343E6B}.Release|anycpu.Build.0 = Release|anycpu
	EndGlobalSection
EndGlobal
