
Microsoft Visual Studio Solution File, Format Version 12.00
# Visual Studio 15
Project("{F184B08F-C81C-45F6-A57F-5ABD9991F28F}") = "exercloop15", "exercloop15.vbproj", "{DDE5039A-AB1C-4885-98FE-3408C411BE18}"
EndProject
Global
	GlobalSection(SolutionConfigurationPlatforms) = preSolution
		Debug|anycpu = Debug|anycpu
		Release|anycpu = Release|anycpu
	EndGlobalSection
	GlobalSection(ProjectConfigurationPlatforms) = postSolution
		{DDE5039A-AB1C-4885-98FE-3408C411BE18}.Debug|anycpu.ActiveCfg = Debug|anycpu
		{DDE5039A-AB1C-4885-98FE-3408C411BE18}.Debug|anycpu.Build.0 = Debug|anycpu
		{DDE5039A-AB1C-4885-98FE-3408C411BE18}.Release|anycpu.ActiveCfg = Release|anycpu
		{DDE5039A-AB1C-4885-98FE-3408C411BE18}.Release|anycpu.Build.0 = Release|anycpu
	EndGlobalSection
EndGlobal
