
Microsoft Visual Studio Solution File, Format Version 12.00
# Visual Studio 15
Project("{F184B08F-C81C-45F6-A57F-5ABD9991F28F}") = "exercarray3.1", "exercarray3.1.vbproj", "{F3092350-DA27-413E-A789-ACA4C89F00D8}"
EndProject
Global
	GlobalSection(SolutionConfigurationPlatforms) = preSolution
		Debug|anycpu = Debug|anycpu
		Release|anycpu = Release|anycpu
	EndGlobalSection
	GlobalSection(ProjectConfigurationPlatforms) = postSolution
		{F3092350-DA27-413E-A789-ACA4C89F00D8}.Debug|anycpu.ActiveCfg = Debug|anycpu
		{F3092350-DA27-413E-A789-ACA4C89F00D8}.Debug|anycpu.Build.0 = Debug|anycpu
		{F3092350-DA27-413E-A789-ACA4C89F00D8}.Release|anycpu.ActiveCfg = Release|anycpu
		{F3092350-DA27-413E-A789-ACA4C89F00D8}.Release|anycpu.Build.0 = Release|anycpu
	EndGlobalSection
EndGlobal
