
Microsoft Visual Studio Solution File, Format Version 12.00
# Visual Studio 15
Project("{F184B08F-C81C-45F6-A57F-5ABD9991F28F}") = "twodimensionalarray2", "twodimensionalarray2\twodimensionalarray2.vbproj", "{C4BC8491-3A27-4055-9598-BE329E2C12B1}"
EndProject
Global
	GlobalSection(SolutionConfigurationPlatforms) = preSolution
		Debug|anycpu = Debug|anycpu
		Release|anycpu = Release|anycpu
	EndGlobalSection
	GlobalSection(ProjectConfigurationPlatforms) = postSolution
		{C4BC8491-3A27-4055-9598-BE329E2C12B1}.Debug|anycpu.ActiveCfg = Debug|anycpu
		{C4BC8491-3A27-4055-9598-BE329E2C12B1}.Debug|anycpu.Build.0 = Debug|anycpu
		{C4BC8491-3A27-4055-9598-BE329E2C12B1}.Release|anycpu.ActiveCfg = Release|anycpu
		{C4BC8491-3A27-4055-9598-BE329E2C12B1}.Release|anycpu.Build.0 = Release|anycpu
	EndGlobalSection
EndGlobal
