
Microsoft Visual Studio Solution File, Format Version 12.00
# Visual Studio 15
Project("{F184B08F-C81C-45F6-A57F-5ABD9991F28F}") = "datatype", "datatype\datatype.vbproj", "{3C72B9C9-F322-4821-9CA8-1B30918DB0AB}"
EndProject
Global
	GlobalSection(SolutionConfigurationPlatforms) = preSolution
		Debug|anycpu = Debug|anycpu
		Release|anycpu = Release|anycpu
	EndGlobalSection
	GlobalSection(ProjectConfigurationPlatforms) = postSolution
		{3C72B9C9-F322-4821-9CA8-1B30918DB0AB}.Debug|anycpu.ActiveCfg = Debug|anycpu
		{3C72B9C9-F322-4821-9CA8-1B30918DB0AB}.Debug|anycpu.Build.0 = Debug|anycpu
		{3C72B9C9-F322-4821-9CA8-1B30918DB0AB}.Release|anycpu.ActiveCfg = Release|anycpu
		{3C72B9C9-F322-4821-9CA8-1B30918DB0AB}.Release|anycpu.Build.0 = Release|anycpu
	EndGlobalSection
EndGlobal
