
Microsoft Visual Studio Solution File, Format Version 12.00
# Visual Studio Version 16
VisualStudioVersion = 16.0.30225.117
MinimumVisualStudioVersion = 10.0.40219.1
Project("{FAE04EC0-301F-11D3-BF4B-00C04F79EFBC}") = "MyFirstProject", "MyFirstProject\MyFirstProject.csproj", "{81608ED9-B1B5-48DE-A947-C9DD39843807}"
EndProject
Global
	GlobalSection(SolutionConfigurationPlatforms) = preSolution
		Debug|Any CPU = Debug|Any CPU
		Release|Any CPU = Release|Any CPU
	EndGlobalSection
	GlobalSection(ProjectConfigurationPlatforms) = postSolution
		{81608ED9-B1B5-48DE-A947-C9DD39843807}.Debug|Any CPU.ActiveCfg = Debug|Any CPU
		{81608ED9-B1B5-48DE-A947-C9DD39843807}.Debug|Any CPU.Build.0 = Debug|Any CPU
		{81608ED9-B1B5-48DE-A947-C9DD39843807}.Release|Any CPU.ActiveCfg = Release|Any CPU
		{81608ED9-B1B5-48DE-A947-C9DD39843807}.Release|Any CPU.Build.0 = Release|Any CPU
	EndGlobalSection
	GlobalSection(SolutionProperties) = preSolution
		HideSolutionNode = FALSE
	EndGlobalSection
	GlobalSection(ExtensibilityGlobals) = postSolution
		SolutionGuid = {9EAA6E4B-7249-4B15-AED4-2352CB179994}
	EndGlobalSection
EndGlobal
